// !$*UTF8*$!
{
	archiveVersion = 1;
	classes = {
	};
	objectVersion = 50;
	objects = {

/* Begin PBXBuildFile section */
		AC39EAD023F1A060001D3CCA /* Raleway-SemiBold.ttf in Resources */ = {isa = PBXBuildFile; fileRef = ACC1EA9523F091FB00B669EB /* Raleway-SemiBold.ttf */; };
		AC4353DF23EC16D8001F481E /* AppDelegate.swift in Sources */ = {isa = PBXBuildFile; fileRef = AC4353DE23EC16D8001F481E /* AppDelegate.swift */; };
		AC4353E623EC16DC001F481E /* Assets.xcassets in Resources */ = {isa = PBXBuildFile; fileRef = AC4353E523EC16DC001F481E /* Assets.xcassets */; };
		AC4353E923EC16DC001F481E /* LaunchScreen.storyboard in Resources */ = {isa = PBXBuildFile; fileRef = AC4353E723EC16DC001F481E /* LaunchScreen.storyboard */; };
		AC4353F823EC29ED001F481E /* CourseModel.swift in Sources */ = {isa = PBXBuildFile; fileRef = AC4353F723EC29ED001F481E /* CourseModel.swift */; };
		AC4353FA23EC2A05001F481E /* CourseFunctions.swift in Sources */ = {isa = PBXBuildFile; fileRef = AC4353F923EC2A05001F481E /* CourseFunctions.swift */; };
		AC4353FC23EC2B98001F481E /* CourseData.swift in Sources */ = {isa = PBXBuildFile; fileRef = AC4353FB23EC2B98001F481E /* CourseData.swift */; };
		AC43540023EC3399001F481E /* CoursesViewController.storyboard in Resources */ = {isa = PBXBuildFile; fileRef = AC4353FF23EC3399001F481E /* CoursesViewController.storyboard */; };
		AC43540223EC3412001F481E /* CoursesViewController.swift in Sources */ = {isa = PBXBuildFile; fileRef = AC43540123EC3412001F481E /* CoursesViewController.swift */; };
		AC43540423EC4A5D001F481E /* CoursesTableViewCell.swift in Sources */ = {isa = PBXBuildFile; fileRef = AC43540323EC4A5D001F481E /* CoursesTableViewCell.swift */; };
		AC43540923EC588E001F481E /* UIViewExtensions.swift in Sources */ = {isa = PBXBuildFile; fileRef = AC43540823EC588E001F481E /* UIViewExtensions.swift */; };
		AC43540C23EC5E97001F481E /* Theme.swift in Sources */ = {isa = PBXBuildFile; fileRef = AC43540B23EC5E97001F481E /* Theme.swift */; };
		AC43540E23EC601F001F481E /* Herculanum.ttf in Resources */ = {isa = PBXBuildFile; fileRef = AC43540D23EC601F001F481E /* Herculanum.ttf */; };
		AC43541023EC6239001F481E /* Colors.xcassets in Resources */ = {isa = PBXBuildFile; fileRef = AC43540F23EC6239001F481E /* Colors.xcassets */; };
		AC43541423ED7D73001F481E /* UIButtonExtension.swift in Sources */ = {isa = PBXBuildFile; fileRef = AC43541323ED7D73001F481E /* UIButtonExtension.swift */; };
		AC43541D23ED94C7001F481E /* AddCourseViewController.storyboard in Resources */ = {isa = PBXBuildFile; fileRef = AC43541C23ED94C7001F481E /* AddCourseViewController.storyboard */; };
		AC43542023ED94F8001F481E /* AddCourseViewController.swift in Sources */ = {isa = PBXBuildFile; fileRef = AC43541F23ED94F8001F481E /* AddCourseViewController.swift */; };
		AC43542323ED9A94001F481E /* PopupUIView.swift in Sources */ = {isa = PBXBuildFile; fileRef = AC43542223ED9A94001F481E /* PopupUIView.swift */; };
		AC43542523EDA647001F481E /* AppUIButton.swift in Sources */ = {isa = PBXBuildFile; fileRef = AC43542423EDA647001F481E /* AppUIButton.swift */; };
/* End PBXBuildFile section */

/* Begin PBXFileReference section */
		AC4353DB23EC16D8001F481E /* Assignment Tracker.app */ = {isa = PBXFileReference; explicitFileType = wrapper.application; includeInIndex = 0; path = "Assignment Tracker.app"; sourceTree = BUILT_PRODUCTS_DIR; };
		AC4353DE23EC16D8001F481E /* AppDelegate.swift */ = {isa = PBXFileReference; lastKnownFileType = sourcecode.swift; path = AppDelegate.swift; sourceTree = "<group>"; };
		AC4353E523EC16DC001F481E /* Assets.xcassets */ = {isa = PBXFileReference; lastKnownFileType = folder.assetcatalog; path = Assets.xcassets; sourceTree = "<group>"; };
		AC4353E823EC16DC001F481E /* Base */ = {isa = PBXFileReference; lastKnownFileType = file.storyboard; name = Base; path = Base.lproj/LaunchScreen.storyboard; sourceTree = "<group>"; };
		AC4353EA23EC16DC001F481E /* Info.plist */ = {isa = PBXFileReference; lastKnownFileType = text.plist.xml; path = Info.plist; sourceTree = "<group>"; };
		AC4353F723EC29ED001F481E /* CourseModel.swift */ = {isa = PBXFileReference; lastKnownFileType = sourcecode.swift; path = CourseModel.swift; sourceTree = "<group>"; };
		AC4353F923EC2A05001F481E /* CourseFunctions.swift */ = {isa = PBXFileReference; lastKnownFileType = sourcecode.swift; path = CourseFunctions.swift; sourceTree = "<group>"; };
		AC4353FB23EC2B98001F481E /* CourseData.swift */ = {isa = PBXFileReference; lastKnownFileType = sourcecode.swift; path = CourseData.swift; sourceTree = "<group>"; };
		AC4353FF23EC3399001F481E /* CoursesViewController.storyboard */ = {isa = PBXFileReference; lastKnownFileType = file.storyboard; path = CoursesViewController.storyboard; sourceTree = "<group>"; };
		AC43540123EC3412001F481E /* CoursesViewController.swift */ = {isa = PBXFileReference; lastKnownFileType = sourcecode.swift; path = CoursesViewController.swift; sourceTree = "<group>"; };
		AC43540323EC4A5D001F481E /* CoursesTableViewCell.swift */ = {isa = PBXFileReference; lastKnownFileType = sourcecode.swift; path = CoursesTableViewCell.swift; sourceTree = "<group>"; };
		AC43540823EC588E001F481E /* UIViewExtensions.swift */ = {isa = PBXFileReference; lastKnownFileType = sourcecode.swift; path = UIViewExtensions.swift; sourceTree = "<group>"; };
		AC43540B23EC5E97001F481E /* Theme.swift */ = {isa = PBXFileReference; lastKnownFileType = sourcecode.swift; path = Theme.swift; sourceTree = "<group>"; };
		AC43540D23EC601F001F481E /* Herculanum.ttf */ = {isa = PBXFileReference; lastKnownFileType = file; path = Herculanum.ttf; sourceTree = "<group>"; };
		AC43540F23EC6239001F481E /* Colors.xcassets */ = {isa = PBXFileReference; lastKnownFileType = folder.assetcatalog; path = Colors.xcassets; sourceTree = "<group>"; };
		AC43541323ED7D73001F481E /* UIButtonExtension.swift */ = {isa = PBXFileReference; lastKnownFileType = sourcecode.swift; path = UIButtonExtension.swift; sourceTree = "<group>"; };
		AC43541C23ED94C7001F481E /* AddCourseViewController.storyboard */ = {isa = PBXFileReference; fileEncoding = 4; lastKnownFileType = file.storyboard; path = AddCourseViewController.storyboard; sourceTree = "<group>"; };
		AC43541F23ED94F8001F481E /* AddCourseViewController.swift */ = {isa = PBXFileReference; lastKnownFileType = sourcecode.swift; path = AddCourseViewController.swift; sourceTree = "<group>"; };
		AC43542223ED9A94001F481E /* PopupUIView.swift */ = {isa = PBXFileReference; lastKnownFileType = sourcecode.swift; path = PopupUIView.swift; sourceTree = "<group>"; };
		AC43542423EDA647001F481E /* AppUIButton.swift */ = {isa = PBXFileReference; lastKnownFileType = sourcecode.swift; path = AppUIButton.swift; sourceTree = "<group>"; };
		ACC1EA9523F091FB00B669EB /* Raleway-SemiBold.ttf */ = {isa = PBXFileReference; lastKnownFileType = file; path = "Raleway-SemiBold.ttf"; sourceTree = "<group>"; };
/* End PBXFileReference section */

/* Begin PBXFrameworksBuildPhase section */
		AC4353D823EC16D8001F481E /* Frameworks */ = {
			isa = PBXFrameworksBuildPhase;
			buildActionMask = 2147483647;
			files = (
			);
			runOnlyForDeploymentPostprocessing = 0;
		};
/* End PBXFrameworksBuildPhase section */

/* Begin PBXGroup section */
		AC4353D223EC16D8001F481E = {
			isa = PBXGroup;
			children = (
				AC4353DD23EC16D8001F481E /* Assignment Tracker */,
				AC4353DC23EC16D8001F481E /* Products */,
			);
			sourceTree = "<group>";
		};
		AC4353DC23EC16D8001F481E /* Products */ = {
			isa = PBXGroup;
			children = (
				AC4353DB23EC16D8001F481E /* Assignment Tracker.app */,
			);
			name = Products;
			sourceTree = "<group>";
		};
		AC4353DD23EC16D8001F481E /* Assignment Tracker */ = {
			isa = PBXGroup;
			children = (
				AC43540A23EC5E72001F481E /* Resources */,
				AC4353FD23EC32FA001F481E /* Views */,
				AC4353DE23EC16D8001F481E /* AppDelegate.swift */,
				AC4353F023EC26A5001F481E /* Model */,
				AC4353E523EC16DC001F481E /* Assets.xcassets */,
				AC4353E723EC16DC001F481E /* LaunchScreen.storyboard */,
				AC4353EA23EC16DC001F481E /* Info.plist */,
			);
			path = "Assignment Tracker";
			sourceTree = "<group>";
		};
		AC4353F023EC26A5001F481E /* Model */ = {
			isa = PBXGroup;
			children = (
				AC4353FB23EC2B98001F481E /* CourseData.swift */,
				AC4353F623EC29DA001F481E /* Course */,
			);
			path = Model;
			sourceTree = "<group>";
		};
		AC4353F623EC29DA001F481E /* Course */ = {
			isa = PBXGroup;
			children = (
				AC4353F723EC29ED001F481E /* CourseModel.swift */,
				AC4353F923EC2A05001F481E /* CourseFunctions.swift */,
			);
			path = Course;
			sourceTree = "<group>";
		};
		AC4353FD23EC32FA001F481E /* Views */ = {
			isa = PBXGroup;
			children = (
				AC43541E23ED94CD001F481E /* AddCourseViewController */,
				AC4353FE23EC330C001F481E /* CoursesViewController */,
			);
			path = Views;
			sourceTree = "<group>";
		};
		AC4353FE23EC330C001F481E /* CoursesViewController */ = {
			isa = PBXGroup;
			children = (
				AC4353FF23EC3399001F481E /* CoursesViewController.storyboard */,
				AC43540123EC3412001F481E /* CoursesViewController.swift */,
				AC43540323EC4A5D001F481E /* CoursesTableViewCell.swift */,
			);
			path = CoursesViewController;
			sourceTree = "<group>";
		};
		AC43540523EC5685001F481E /* Extentions */ = {
			isa = PBXGroup;
			children = (
				AC43540823EC588E001F481E /* UIViewExtensions.swift */,
				AC43541323ED7D73001F481E /* UIButtonExtension.swift */,
			);
			path = Extentions;
			sourceTree = "<group>";
		};
		AC43540A23EC5E72001F481E /* Resources */ = {
			isa = PBXGroup;
			children = (
				AC43542123ED9A59001F481E /* CustomControls */,
				AC43540523EC5685001F481E /* Extentions */,
				AC43540D23EC601F001F481E /* Herculanum.ttf */,
				ACC1EA9523F091FB00B669EB /* Raleway-SemiBold.ttf */,
				AC43540B23EC5E97001F481E /* Theme.swift */,
				AC43540F23EC6239001F481E /* Colors.xcassets */,
			);
			path = Resources;
			sourceTree = "<group>";
		};
		AC43541E23ED94CD001F481E /* AddCourseViewController */ = {
			isa = PBXGroup;
			children = (
				AC43541C23ED94C7001F481E /* AddCourseViewController.storyboard */,
				AC43541F23ED94F8001F481E /* AddCourseViewController.swift */,
			);
			path = AddCourseViewController;
			sourceTree = "<group>";
		};
		AC43542123ED9A59001F481E /* CustomControls */ = {
			isa = PBXGroup;
			children = (
				AC43542223ED9A94001F481E /* PopupUIView.swift */,
				AC43542423EDA647001F481E /* AppUIButton.swift */,
			);
			path = CustomControls;
			sourceTree = "<group>";
		};
/* End PBXGroup section */

/* Begin PBXNativeTarget section */
		AC4353DA23EC16D8001F481E /* Assignment Tracker */ = {
			isa = PBXNativeTarget;
			buildConfigurationList = AC4353ED23EC16DC001F481E /* Build configuration list for PBXNativeTarget "Assignment Tracker" */;
			buildPhases = (
				AC4353D723EC16D8001F481E /* Sources */,
				AC4353D823EC16D8001F481E /* Frameworks */,
				AC4353D923EC16D8001F481E /* Resources */,
			);
			buildRules = (
			);
			dependencies = (
			);
			name = "Assignment Tracker";
			productName = "Assignment Tracker";
			productReference = AC4353DB23EC16D8001F481E /* Assignment Tracker.app */;
			productType = "com.apple.product-type.application";
		};
/* End PBXNativeTarget section */

/* Begin PBXProject section */
		AC4353D323EC16D8001F481E /* Project object */ = {
			isa = PBXProject;
			attributes = {
				LastSwiftUpdateCheck = 1000;
				LastUpgradeCheck = 1000;
				ORGANIZATIONNAME = "Jay A.";
				TargetAttributes = {
					AC4353DA23EC16D8001F481E = {
						CreatedOnToolsVersion = 10.0;
					};
				};
			};
			buildConfigurationList = AC4353D623EC16D8001F481E /* Build configuration list for PBXProject "Assignment Tracker" */;
			compatibilityVersion = "Xcode 9.3";
			developmentRegion = en;
			hasScannedForEncodings = 0;
			knownRegions = (
				en,
				Base,
			);
			mainGroup = AC4353D223EC16D8001F481E;
			productRefGroup = AC4353DC23EC16D8001F481E /* Products */;
			projectDirPath = "";
			projectRoot = "";
			targets = (
				AC4353DA23EC16D8001F481E /* Assignment Tracker */,
			);
		};
/* End PBXProject section */

/* Begin PBXResourcesBuildPhase section */
		AC4353D923EC16D8001F481E /* Resources */ = {
			isa = PBXResourcesBuildPhase;
			buildActionMask = 2147483647;
			files = (
				AC43541023EC6239001F481E /* Colors.xcassets in Resources */,
				AC4353E923EC16DC001F481E /* LaunchScreen.storyboard in Resources */,
				AC43540023EC3399001F481E /* CoursesViewController.storyboard in Resources */,
				AC43540E23EC601F001F481E /* Herculanum.ttf in Resources */,
				AC4353E623EC16DC001F481E /* Assets.xcassets in Resources */,
				AC43541D23ED94C7001F481E /* AddCourseViewController.storyboard in Resources */,
				AC39EAD023F1A060001D3CCA /* Raleway-SemiBold.ttf in Resources */,
			);
			runOnlyForDeploymentPostprocessing = 0;
		};
/* End PBXResourcesBuildPhase section */

/* Begin PBXSourcesBuildPhase section */
		AC4353D723EC16D8001F481E /* Sources */ = {
			isa = PBXSourcesBuildPhase;
			buildActionMask = 2147483647;
			files = (
				AC43540423EC4A5D001F481E /* CoursesTableViewCell.swift in Sources */,
				AC43540C23EC5E97001F481E /* Theme.swift in Sources */,
				AC4353F823EC29ED001F481E /* CourseModel.swift in Sources */,
				AC43540923EC588E001F481E /* UIViewExtensions.swift in Sources */,
				AC4353DF23EC16D8001F481E /* AppDelegate.swift in Sources */,
				AC43541423ED7D73001F481E /* UIButtonExtension.swift in Sources */,
				AC4353FC23EC2B98001F481E /* CourseData.swift in Sources */,
				AC43542523EDA647001F481E /* AppUIButton.swift in Sources */,
				AC43542023ED94F8001F481E /* AddCourseViewController.swift in Sources */,
				AC4353FA23EC2A05001F481E /* CourseFunctions.swift in Sources */,
				AC43540223EC3412001F481E /* CoursesViewController.swift in Sources */,
				AC43542323ED9A94001F481E /* PopupUIView.swift in Sources */,
			);
			runOnlyForDeploymentPostprocessing = 0;
		};
/* End PBXSourcesBuildPhase section */

/* Begin PBXVariantGroup section */
		AC4353E723EC16DC001F481E /* LaunchScreen.storyboard */ = {
			isa = PBXVariantGroup;
			children = (
				AC4353E823EC16DC001F481E /* Base */,
			);
			name = LaunchScreen.storyboard;
			sourceTree = "<group>";
		};
/* End PBXVariantGroup section */

/* Begin XCBuildConfiguration section */
		AC4353EB23EC16DC001F481E /* Debug */ = {
			isa = XCBuildConfiguration;
			buildSettings = {
				ALWAYS_SEARCH_USER_PATHS = NO;
				CLANG_ANALYZER_NONNULL = YES;
				CLANG_ANALYZER_NUMBER_OBJECT_CONVERSION = YES_AGGRESSIVE;
				CLANG_CXX_LANGUAGE_STANDARD = "gnu++14";
				CLANG_CXX_LIBRARY = "libc++";
				CLANG_ENABLE_MODULES = YES;
				CLANG_ENABLE_OBJC_ARC = YES;
				CLANG_ENABLE_OBJC_WEAK = YES;
				CLANG_WARN_BLOCK_CAPTURE_AUTORELEASING = YES;
				CLANG_WARN_BOOL_CONVERSION = YES;
				CLANG_WARN_COMMA = YES;
				CLANG_WARN_CONSTANT_CONVERSION = YES;
				CLANG_WARN_DEPRECATED_OBJC_IMPLEMENTATIONS = YES;
				CLANG_WARN_DIRECT_OBJC_ISA_USAGE = YES_ERROR;
				CLANG_WARN_DOCUMENTATION_COMMENTS = YES;
				CLANG_WARN_EMPTY_BODY = YES;
				CLANG_WARN_ENUM_CONVERSION = YES;
				CLANG_WARN_INFINITE_RECURSION = YES;
				CLANG_WARN_INT_CONVERSION = YES;
				CLANG_WARN_NON_LITERAL_NULL_CONVERSION = YES;
				CLANG_WARN_OBJC_IMPLICIT_RETAIN_SELF = YES;
				CLANG_WARN_OBJC_LITERAL_CONVERSION = YES;
				CLANG_WARN_OBJC_ROOT_CLASS = YES_ERROR;
				CLANG_WARN_RANGE_LOOP_ANALYSIS = YES;
				CLANG_WARN_STRICT_PROTOTYPES = YES;
				CLANG_WARN_SUSPICIOUS_MOVE = YES;
				CLANG_WARN_UNGUARDED_AVAILABILITY = YES_AGGRESSIVE;
				CLANG_WARN_UNREACHABLE_CODE = YES;
				CLANG_WARN__DUPLICATE_METHOD_MATCH = YES;
				CODE_SIGN_IDENTITY = "iPhone Developer";
				COPY_PHASE_STRIP = NO;
				DEBUG_INFORMATION_FORMAT = dwarf;
				ENABLE_STRICT_OBJC_MSGSEND = YES;
				ENABLE_TESTABILITY = YES;
				GCC_C_LANGUAGE_STANDARD = gnu11;
				GCC_DYNAMIC_NO_PIC = NO;
				GCC_NO_COMMON_BLOCKS = YES;
				GCC_OPTIMIZATION_LEVEL = 0;
				GCC_PREPROCESSOR_DEFINITIONS = (
					"DEBUG=1",
					"$(inherited)",
				);
				GCC_WARN_64_TO_32_BIT_CONVERSION = YES;
				GCC_WARN_ABOUT_RETURN_TYPE = YES_ERROR;
				GCC_WARN_UNDECLARED_SELECTOR = YES;
				GCC_WARN_UNINITIALIZED_AUTOS = YES_AGGRESSIVE;
				GCC_WARN_UNUSED_FUNCTION = YES;
				GCC_WARN_UNUSED_VARIABLE = YES;
				IPHONEOS_DEPLOYMENT_TARGET = 12.0;
				MTL_ENABLE_DEBUG_INFO = INCLUDE_SOURCE;
				MTL_FAST_MATH = YES;
				ONLY_ACTIVE_ARCH = YES;
				SDKROOT = iphoneos;
				SWIFT_ACTIVE_COMPILATION_CONDITIONS = DEBUG;
				SWIFT_OPTIMIZATION_LEVEL = "-Onone";
			};
			name = Debug;
		};
		AC4353EC23EC16DC001F481E /* Release */ = {
			isa = XCBuildConfiguration;
			buildSettings = {
				ALWAYS_SEARCH_USER_PATHS = NO;
				CLANG_ANALYZER_NONNULL = YES;
				CLANG_ANALYZER_NUMBER_OBJECT_CONVERSION = YES_AGGRESSIVE;
				CLANG_CXX_LANGUAGE_STANDARD = "gnu++14";
				CLANG_CXX_LIBRARY = "libc++";
				CLANG_ENABLE_MODULES = YES;
				CLANG_ENABLE_OBJC_ARC = YES;
				CLANG_ENABLE_OBJC_WEAK = YES;
				CLANG_WARN_BLOCK_CAPTURE_AUTORELEASING = YES;
				CLANG_WARN_BOOL_CONVERSION = YES;
				CLANG_WARN_COMMA = YES;
				CLANG_WARN_CONSTANT_CONVERSION = YES;
				CLANG_WARN_DEPRECATED_OBJC_IMPLEMENTATIONS = YES;
				CLANG_WARN_DIRECT_OBJC_ISA_USAGE = YES_ERROR;
				CLANG_WARN_DOCUMENTATION_COMMENTS = YES;
				CLANG_WARN_EMPTY_BODY = YES;
				CLANG_WARN_ENUM_CONVERSION = YES;
				CLANG_WARN_INFINITE_RECURSION = YES;
				CLANG_WARN_INT_CONVERSION = YES;
				CLANG_WARN_NON_LITERAL_NULL_CONVERSION = YES;
				CLANG_WARN_OBJC_IMPLICIT_RETAIN_SELF = YES;
				CLANG_WARN_OBJC_LITERAL_CONVERSION = YES;
				CLANG_WARN_OBJC_ROOT_CLASS = YES_ERROR;
				CLANG_WARN_RANGE_LOOP_ANALYSIS = YES;
				CLANG_WARN_STRICT_PROTOTYPES = YES;
				CLANG_WARN_SUSPICIOUS_MOVE = YES;
				CLANG_WARN_UNGUARDED_AVAILABILITY = YES_AGGRESSIVE;
				CLANG_WARN_UNREACHABLE_CODE = YES;
				CLANG_WARN__DUPLICATE_METHOD_MATCH = YES;
				CODE_SIGN_IDENTITY = "iPhone Developer";
				COPY_PHASE_STRIP = NO;
				DEBUG_INFORMATION_FORMAT = "dwarf-with-dsym";
				ENABLE_NS_ASSERTIONS = NO;
				ENABLE_STRICT_OBJC_MSGSEND = YES;
				GCC_C_LANGUAGE_STANDARD = gnu11;
				GCC_NO_COMMON_BLOCKS = YES;
				GCC_WARN_64_TO_32_BIT_CONVERSION = YES;
				GCC_WARN_ABOUT_RETURN_TYPE = YES_ERROR;
				GCC_WARN_UNDECLARED_SELECTOR = YES;
				GCC_WARN_UNINITIALIZED_AUTOS = YES_AGGRESSIVE;
				GCC_WARN_UNUSED_FUNCTION = YES;
				GCC_WARN_UNUSED_VARIABLE = YES;
				IPHONEOS_DEPLOYMENT_TARGET = 12.0;
				MTL_ENABLE_DEBUG_INFO = NO;
				MTL_FAST_MATH = YES;
				SDKROOT = iphoneos;
				SWIFT_COMPILATION_MODE = wholemodule;
				SWIFT_OPTIMIZATION_LEVEL = "-O";
				VALIDATE_PRODUCT = YES;
			};
			name = Release;
		};
		AC4353EE23EC16DC001F481E /* Debug */ = {
			isa = XCBuildConfiguration;
			buildSettings = {
				ASSETCATALOG_COMPILER_APPICON_NAME = AppIcon;
				CODE_SIGN_STYLE = Automatic;
				DEVELOPMENT_TEAM = J83753GZ93;
				INFOPLIST_FILE = "Assignment Tracker/Info.plist";
				LD_RUNPATH_SEARCH_PATHS = (
					"$(inherited)",
					"@executable_path/Frameworks",
				);
				PRODUCT_BUNDLE_IDENTIFIER = "com.clyrko.Assignment-Tracker";
				PRODUCT_NAME = "$(TARGET_NAME)";
				SWIFT_VERSION = 4.2;
				TARGETED_DEVICE_FAMILY = "1,2";
			};
			name = Debug;
		};
		AC4353EF23EC16DC001F481E /* Release */ = {
			isa = XCBuildConfiguration;
			buildSettings = {
				ASSETCATALOG_COMPILER_APPICON_NAME = AppIcon;
				CODE_SIGN_STYLE = Automatic;
				DEVELOPMENT_TEAM = J83753GZ93;
				INFOPLIST_FILE = "Assignment Tracker/Info.plist";
				LD_RUNPATH_SEARCH_PATHS = (
					"$(inherited)",
					"@executable_path/Frameworks",
				);
				PRODUCT_BUNDLE_IDENTIFIER = "com.clyrko.Assignment-Tracker";
				PRODUCT_NAME = "$(TARGET_NAME)";
				SWIFT_VERSION = 4.2;
				TARGETED_DEVICE_FAMILY = "1,2";
			};
			name = Release;
		};
/* End XCBuildConfiguration section */

/* Begin XCConfigurationList section */
		AC4353D623EC16D8001F481E /* Build configuration list for PBXProject "Assignment Tracker" */ = {
			isa = XCConfigurationList;
			buildConfigurations = (
				AC4353EB23EC16DC001F481E /* Debug */,
				AC4353EC23EC16DC001F481E /* Release */,
			);
			defaultConfigurationIsVisible = 0;
			defaultConfigurationName = Release;
		};
		AC4353ED23EC16DC001F481E /* Build configuration list for PBXNativeTarget "Assignment Tracker" */ = {
			isa = XCConfigurationList;
			buildConfigurations = (
				AC4353EE23EC16DC001F481E /* Debug */,
				AC4353EF23EC16DC001F481E /* Release */,
			);
			defaultConfigurationIsVisible = 0;
			defaultConfigurationName = Release;
		};
/* End XCConfigurationList section */
	};
	rootObject = AC4353D323EC16D8001F481E /* Project object */;
}
